
Microsoft Visual Studio Solution File, Format Version 12.00
# Visual Studio Version 16
VisualStudioVersion = 16.0.30011.22
MinimumVisualStudioVersion = 10.0.40219.1
Project("{FAE04EC0-301F-11D3-BF4B-00C04F79EFBC}") = "GitHubTest", "GitHubTest\GitHubTest.csproj", "{629A3CB9-BDDE-4665-8142-CD75907A557F}"
EndProject
Global
	GlobalSection(SolutionConfigurationPlatforms) = preSolution
		Debug|Any CPU = Debug|Any CPU
		Release|Any CPU = Release|Any CPU
	EndGlobalSection
	GlobalSection(ProjectConfigurationPlatforms) = postSolution
		{629A3CB9-BDDE-4665-8142-CD75907A557F}.Debug|Any CPU.ActiveCfg = Debug|Any CPU
		{629A3CB9-BDDE-4665-8142-CD75907A557F}.Debug|Any CPU.Build.0 = Debug|Any CPU
		{629A3CB9-BDDE-4665-8142-CD75907A557F}.Release|Any CPU.ActiveCfg = Release|Any CPU
		{629A3CB9-BDDE-4665-8142-CD75907A557F}.Release|Any CPU.Build.0 = Release|Any CPU
	EndGlobalSection
	GlobalSection(SolutionProperties) = preSolution
		HideSolutionNode = FALSE
	EndGlobalSection
	GlobalSection(ExtensibilityGlobals) = postSolution
		SolutionGuid = {84F7DF3B-2A8E-451A-A14B-9AF79ADDE375}
	EndGlobalSection
EndGlobal
